
Microsoft Visual Studio Solution File, Format Version 12.00
# Visual Studio Version 17
VisualStudioVersion = 17.10.34928.147
MinimumVisualStudioVersion = 10.0.40219.1
Project("{2150E333-8FDC-42A3-9474-1A3956D46DE8}") = "Services", "Services", "{842E47CF-4FB4-4C60-AAEC-48DF53121917}"
EndProject
Project("{2150E333-8FDC-42A3-9474-1A3956D46DE8}") = "Catalog", "Catalog", "{48AA166A-1BA9-4299-B772-E11AA8570AD1}"
EndProject
Project("{FAE04EC0-301F-11D3-BF4B-00C04F79EFBC}") = "Catalog.API", "Services\Catalog\Catalog.API\Catalog.API.csproj", "{5611FE46-E275-4BF6-86AC-FBC6DCEBADE2}"
EndProject
Project("{2150E333-8FDC-42A3-9474-1A3956D46DE8}") = "BuildingBlocks", "BuildingBlocks", "{0B0B62AA-1EB6-473C-98F5-ADA46A4F00D1}"
EndProject
Project("{FAE04EC0-301F-11D3-BF4B-00C04F79EFBC}") = "BuildingBlocks", "BuildingBlocks\BuildingBlocks\BuildingBlocks.csproj", "{E2E96E3C-D292-48B6-913F-3D2284BBBC7B}"
EndProject
Project("{E53339B2-1760-4266-BCC7-CA923CBCF16C}") = "docker-compose", "docker-compose.dcproj", "{138CAD1A-489A-429D-9C61-0952A4993826}"
EndProject
Global
	GlobalSection(SolutionConfigurationPlatforms) = preSolution
		Debug|Any CPU = Debug|Any CPU
		Release|Any CPU = Release|Any CPU
	EndGlobalSection
	GlobalSection(ProjectConfigurationPlatforms) = postSolution
		{5611FE46-E275-4BF6-86AC-FBC6DCEBADE2}.Debug|Any CPU.ActiveCfg = Debug|Any CPU
		{5611FE46-E275-4BF6-86AC-FBC6DCEBADE2}.Debug|Any CPU.Build.0 = Debug|Any CPU
		{5611FE46-E275-4BF6-86AC-FBC6DCEBADE2}.Release|Any CPU.ActiveCfg = Release|Any CPU
		{5611FE46-E275-4BF6-86AC-FBC6DCEBADE2}.Release|Any CPU.Build.0 = Release|Any CPU
		{E2E96E3C-D292-48B6-913F-3D2284BBBC7B}.Debug|Any CPU.ActiveCfg = Debug|Any CPU
		{E2E96E3C-D292-48B6-913F-3D2284BBBC7B}.Debug|Any CPU.Build.0 = Debug|Any CPU
		{E2E96E3C-D292-48B6-913F-3D2284BBBC7B}.Release|Any CPU.ActiveCfg = Release|Any CPU
		{E2E96E3C-D292-48B6-913F-3D2284BBBC7B}.Release|Any CPU.Build.0 = Release|Any CPU
		{138CAD1A-489A-429D-9C61-0952A4993826}.Debug|Any CPU.ActiveCfg = Debug|Any CPU
		{138CAD1A-489A-429D-9C61-0952A4993826}.Debug|Any CPU.Build.0 = Debug|Any CPU
		{138CAD1A-489A-429D-9C61-0952A4993826}.Release|Any CPU.ActiveCfg = Release|Any CPU
		{138CAD1A-489A-429D-9C61-0952A4993826}.Release|Any CPU.Build.0 = Release|Any CPU
	EndGlobalSection
	GlobalSection(SolutionProperties) = preSolution
		HideSolutionNode = FALSE
	EndGlobalSection
	GlobalSection(NestedProjects) = preSolution
		{48AA166A-1BA9-4299-B772-E11AA8570AD1} = {842E47CF-4FB4-4C60-AAEC-48DF53121917}
		{5611FE46-E275-4BF6-86AC-FBC6DCEBADE2} = {48AA166A-1BA9-4299-B772-E11AA8570AD1}
		{E2E96E3C-D292-48B6-913F-3D2284BBBC7B} = {0B0B62AA-1EB6-473C-98F5-ADA46A4F00D1}
	EndGlobalSection
	GlobalSection(ExtensibilityGlobals) = postSolution
		SolutionGuid = {636B77C9-4C4E-47F4-B8AD-D4B5F40584B6}
	EndGlobalSection
EndGlobal
